
Microsoft Visual Studio Solution File, Format Version 12.00
# Visual Studio 15
VisualStudioVersion = 15.0.27428.2037
MinimumVisualStudioVersion = 10.0.40219.1
Project("{9A19103F-16F7-4668-BE54-9A1E7A4F7556}") = "CreamPuff", "Cream Puff\CreamPuff.csproj", "{5EF695EC-2903-401F-AFC9-B823B4FF8612}"
EndProject
Project("{FAE04EC0-301F-11D3-BF4B-00C04F79EFBC}") = "core", "core\core.csproj", "{8EA4B331-B3F2-481E-9D88-6859CB9696DC}"
EndProject
Global
	GlobalSection(SolutionConfigurationPlatforms) = preSolution
		Debug|Any CPU = Debug|Any CPU
		Release|Any CPU = Release|Any CPU
	EndGlobalSection
	GlobalSection(ProjectConfigurationPlatforms) = postSolution
		{5EF695EC-2903-401F-AFC9-B823B4FF8612}.Debug|Any CPU.ActiveCfg = Debug|Any CPU
		{5EF695EC-2903-401F-AFC9-B823B4FF8612}.Debug|Any CPU.Build.0 = Debug|Any CPU
		{5EF695EC-2903-401F-AFC9-B823B4FF8612}.Release|Any CPU.ActiveCfg = Release|Any CPU
		{5EF695EC-2903-401F-AFC9-B823B4FF8612}.Release|Any CPU.Build.0 = Release|Any CPU
		{8EA4B331-B3F2-481E-9D88-6859CB9696DC}.Debug|Any CPU.ActiveCfg = Debug|Any CPU
		{8EA4B331-B3F2-481E-9D88-6859CB9696DC}.Debug|Any CPU.Build.0 = Debug|Any CPU
		{8EA4B331-B3F2-481E-9D88-6859CB9696DC}.Release|Any CPU.ActiveCfg = Release|Any CPU
		{8EA4B331-B3F2-481E-9D88-6859CB9696DC}.Release|Any CPU.Build.0 = Release|Any CPU
	EndGlobalSection
	GlobalSection(SolutionProperties) = preSolution
		HideSolutionNode = FALSE
	EndGlobalSection
	GlobalSection(ExtensibilityGlobals) = postSolution
		SolutionGuid = {EBF4E4FE-83DC-4534-9490-AC3EDAD234F4}
	EndGlobalSection
EndGlobal
